
Microsoft Visual Studio Solution File, Format Version 12.00
# Visual Studio Version 16
VisualStudioVersion = 16.0.30011.22
MinimumVisualStudioVersion = 10.0.40219.1
Project("{FAE04EC0-301F-11D3-BF4B-00C04F79EFBC}") = "Yo", "Yo\Yo.csproj", "{ADE60039-3C94-4BA7-8D3C-8FC58431E50E}"
EndProject
Global
	GlobalSection(SolutionConfigurationPlatforms) = preSolution
		Debug|Any CPU = Debug|Any CPU
		Release|Any CPU = Release|Any CPU
	EndGlobalSection
	GlobalSection(ProjectConfigurationPlatforms) = postSolution
		{ADE60039-3C94-4BA7-8D3C-8FC58431E50E}.Debug|Any CPU.ActiveCfg = Debug|Any CPU
		{ADE60039-3C94-4BA7-8D3C-8FC58431E50E}.Debug|Any CPU.Build.0 = Debug|Any CPU
		{ADE60039-3C94-4BA7-8D3C-8FC58431E50E}.Release|Any CPU.ActiveCfg = Release|Any CPU
		{ADE60039-3C94-4BA7-8D3C-8FC58431E50E}.Release|Any CPU.Build.0 = Release|Any CPU
	EndGlobalSection
	GlobalSection(SolutionProperties) = preSolution
		HideSolutionNode = FALSE
	EndGlobalSection
	GlobalSection(ExtensibilityGlobals) = postSolution
		SolutionGuid = {8F2A0F0E-DBC2-4614-A3D6-59DBA3A1CAC0}
	EndGlobalSection
EndGlobal
